
Microsoft Visual Studio Solution File, Format Version 12.00
# Visual Studio Version 16
VisualStudioVersion = 16.0.31105.61
MinimumVisualStudioVersion = 10.0.40219.1
Project("{9A19103F-16F7-4668-BE54-9A1E7A4F7556}") = "Demo1", "Demo1\Demo1.csproj", "{C0C3BFD1-44E2-4C53-A228-79DB0DCDD9E6}"
EndProject
Project("{9A19103F-16F7-4668-BE54-9A1E7A4F7556}") = "Demo3_16", "Demo3_16\Demo3_16.csproj", "{BD1E0E96-B5F7-450A-AE3C-B99F74D382F6}"
EndProject
Project("{9A19103F-16F7-4668-BE54-9A1E7A4F7556}") = "Demo3_17", "Demo3_17_Inheritance\Demo3_17.csproj", "{9240F2BE-A60D-44AF-A17D-1CB40B068420}"
EndProject
Project("{9A19103F-16F7-4668-BE54-9A1E7A4F7556}") = "Demo3_17_1", "Demo3_17_1\Demo3_17_1.csproj", "{70A15F3A-2BBF-44E2-95EE-DF2B521CC87A}"
EndProject
Project("{9A19103F-16F7-4668-BE54-9A1E7A4F7556}") = "Demo_Delegate", "Demo_Delegate\Demo_Delegate.csproj", "{388335C4-179D-44FD-8139-83192D6D0D42}"
EndProject
Project("{9A19103F-16F7-4668-BE54-9A1E7A4F7556}") = "Demo_Thread", "Demo_Thread\Demo_Thread.csproj", "{5051ADF9-40A5-4E45-97EA-703A21604923}"
EndProject
Project("{FAE04EC0-301F-11D3-BF4B-00C04F79EFBC}") = "Demo_Collect", "Demo_Collect\Demo_Collect.csproj", "{CF316EB3-E903-460C-9232-240B300DECE4}"
EndProject
Global
	GlobalSection(SolutionConfigurationPlatforms) = preSolution
		Debug|Any CPU = Debug|Any CPU
		Release|Any CPU = Release|Any CPU
	EndGlobalSection
	GlobalSection(ProjectConfigurationPlatforms) = postSolution
		{C0C3BFD1-44E2-4C53-A228-79DB0DCDD9E6}.Debug|Any CPU.ActiveCfg = Debug|Any CPU
		{C0C3BFD1-44E2-4C53-A228-79DB0DCDD9E6}.Debug|Any CPU.Build.0 = Debug|Any CPU
		{C0C3BFD1-44E2-4C53-A228-79DB0DCDD9E6}.Release|Any CPU.ActiveCfg = Release|Any CPU
		{C0C3BFD1-44E2-4C53-A228-79DB0DCDD9E6}.Release|Any CPU.Build.0 = Release|Any CPU
		{BD1E0E96-B5F7-450A-AE3C-B99F74D382F6}.Debug|Any CPU.ActiveCfg = Debug|Any CPU
		{BD1E0E96-B5F7-450A-AE3C-B99F74D382F6}.Debug|Any CPU.Build.0 = Debug|Any CPU
		{BD1E0E96-B5F7-450A-AE3C-B99F74D382F6}.Release|Any CPU.ActiveCfg = Release|Any CPU
		{BD1E0E96-B5F7-450A-AE3C-B99F74D382F6}.Release|Any CPU.Build.0 = Release|Any CPU
		{9240F2BE-A60D-44AF-A17D-1CB40B068420}.Debug|Any CPU.ActiveCfg = Debug|Any CPU
		{9240F2BE-A60D-44AF-A17D-1CB40B068420}.Debug|Any CPU.Build.0 = Debug|Any CPU
		{9240F2BE-A60D-44AF-A17D-1CB40B068420}.Release|Any CPU.ActiveCfg = Release|Any CPU
		{9240F2BE-A60D-44AF-A17D-1CB40B068420}.Release|Any CPU.Build.0 = Release|Any CPU
		{70A15F3A-2BBF-44E2-95EE-DF2B521CC87A}.Debug|Any CPU.ActiveCfg = Debug|Any CPU
		{70A15F3A-2BBF-44E2-95EE-DF2B521CC87A}.Debug|Any CPU.Build.0 = Debug|Any CPU
		{70A15F3A-2BBF-44E2-95EE-DF2B521CC87A}.Release|Any CPU.ActiveCfg = Release|Any CPU
		{70A15F3A-2BBF-44E2-95EE-DF2B521CC87A}.Release|Any CPU.Build.0 = Release|Any CPU
		{388335C4-179D-44FD-8139-83192D6D0D42}.Debug|Any CPU.ActiveCfg = Debug|Any CPU
		{388335C4-179D-44FD-8139-83192D6D0D42}.Debug|Any CPU.Build.0 = Debug|Any CPU
		{388335C4-179D-44FD-8139-83192D6D0D42}.Release|Any CPU.ActiveCfg = Release|Any CPU
		{388335C4-179D-44FD-8139-83192D6D0D42}.Release|Any CPU.Build.0 = Release|Any CPU
		{5051ADF9-40A5-4E45-97EA-703A21604923}.Debug|Any CPU.ActiveCfg = Debug|Any CPU
		{5051ADF9-40A5-4E45-97EA-703A21604923}.Debug|Any CPU.Build.0 = Debug|Any CPU
		{5051ADF9-40A5-4E45-97EA-703A21604923}.Release|Any CPU.ActiveCfg = Release|Any CPU
		{5051ADF9-40A5-4E45-97EA-703A21604923}.Release|Any CPU.Build.0 = Release|Any CPU
		{CF316EB3-E903-460C-9232-240B300DECE4}.Debug|Any CPU.ActiveCfg = Debug|Any CPU
		{CF316EB3-E903-460C-9232-240B300DECE4}.Debug|Any CPU.Build.0 = Debug|Any CPU
		{CF316EB3-E903-460C-9232-240B300DECE4}.Release|Any CPU.ActiveCfg = Release|Any CPU
		{CF316EB3-E903-460C-9232-240B300DECE4}.Release|Any CPU.Build.0 = Release|Any CPU
	EndGlobalSection
	GlobalSection(SolutionProperties) = preSolution
		HideSolutionNode = FALSE
	EndGlobalSection
	GlobalSection(ExtensibilityGlobals) = postSolution
		SolutionGuid = {C8F04B0E-AEDE-4DFE-834E-6D98144BFD7C}
	EndGlobalSection
EndGlobal
